
Microsoft Visual Studio Solution File, Format Version 12.00
# Visual Studio Version 17
VisualStudioVersion = 17.12.35506.116
MinimumVisualStudioVersion = 10.0.40219.1
Project("{FAE04EC0-301F-11D3-BF4B-00C04F79EFBC}") = "zgloszenia_mantis", "zgloszenia_mantis.csproj", "{32EC4882-CB6D-484F-9194-096F330C8182}"
EndProject
Global
	GlobalSection(SolutionConfigurationPlatforms) = preSolution
		Debug|Any CPU = Debug|Any CPU
		Release|Any CPU = Release|Any CPU
	EndGlobalSection
	GlobalSection(ProjectConfigurationPlatforms) = postSolution
		{32EC4882-CB6D-484F-9194-096F330C8182}.Debug|Any CPU.ActiveCfg = Debug|Any CPU
		{32EC4882-CB6D-484F-9194-096F330C8182}.Debug|Any CPU.Build.0 = Debug|Any CPU
		{32EC4882-CB6D-484F-9194-096F330C8182}.Release|Any CPU.ActiveCfg = Release|Any CPU
		{32EC4882-CB6D-484F-9194-096F330C8182}.Release|Any CPU.Build.0 = Release|Any CPU
	EndGlobalSection
	GlobalSection(SolutionProperties) = preSolution
		HideSolutionNode = FALSE
	EndGlobalSection
EndGlobal
